{
  "name": "asproject",
  "version": "1.0.0",
  "lockfileVersion": 3,
  "requires": true,
  "packages": {
    "": {
      "name": "asproject",
      "version": "1.0.0",
      "license": "MIT",
      "dependencies": {
        "@loupeteam/databuffer": "^1.0.0",
        "@loupeteam/librarybuilderproject": "^1.0.1",
        "@loupeteam/stringext": "^1.0.0",
        "@loupeteam/tcpcomm": "^1.0.0",
        "@loupeteam/vartools": "^1.0.0",
        "@loupeteam/websocket": "^1.0.0"
      }
    },
    "node_modules/@loupeteam/databuffer": {
      "version": "1.0.0",
      "resolved": "https://npm.pkg.github.com/download/@loupeteam/databuffer/1.0.0/c80b87311005a974ce6903c7c1961fe4479589cb",
      "integrity": "sha512-FDvYrvMDMHsOYhUp+Ua/xyuZibBM0mFFaT0A/nIlJmDBkVXIlr0hHKyvhRgHsgBju+n01nXXT653ywWrLgSW1A==",
      "license": "MIT"
    },
    "node_modules/@loupeteam/librarybuilderproject": {
      "version": "1.0.1",
      "resolved": "https://npm.pkg.github.com/download/@loupeteam/librarybuilderproject/1.0.1/7c9555096f7ef8e8ce6b355c76533cb86d3b0229",
      "integrity": "sha512-0a31O2d0/LpWOwOvde6hIU/ZKPt4B9RXgrM/KQi2ayXm9UuDudNdp0YqCiTDm+UqciUlY5GtpQzOhx4VYfKdbA==",
      "license": "MIT"
    },
    "node_modules/@loupeteam/stringext": {
      "version": "1.0.0",
      "resolved": "https://npm.pkg.github.com/download/@loupeteam/stringext/1.0.0/9da05bfa435b70b88d57f6a3abe7e1b03d1ac9f4",
      "integrity": "sha512-CkwWziPxGwLisndcMunmR7DLdX1tvrt1hxHVn9ZYqJ8L6defPZr/ZWutpT+qhQJgoQnt5n+N48M1gbv6WclTHg==",
      "license": "MIT"
    },
    "node_modules/@loupeteam/tcpcomm": {
      "version": "1.0.0",
      "resolved": "https://npm.pkg.github.com/download/@loupeteam/tcpcomm/1.0.0/0d281632586b26aa891d9ad2558616810707755c",
      "integrity": "sha512-3UQQG+vzu15vkbi9jpvopm5M6dBLnLeRWsi3ytuFcskJC5TBy0Lc5Qs+zQW09siZJe3dGrY2sTst0U5A/cvdTw==",
      "license": "MIT"
    },
    "node_modules/@loupeteam/vartools": {
      "version": "1.0.0",
      "resolved": "https://npm.pkg.github.com/download/@loupeteam/vartools/1.0.0/b105450a7e0560e86398afc2e715b90a54541c79",
      "integrity": "sha512-YndEhEkCJwYOg0MsX5xIEoyttZaZwqkGHeBO73wVrRZqcKc8RvrnLYPpYEgiEdUf8O8DiZ+3hb7Jra26CMwl3Q==",
      "license": "MIT",
      "dependencies": {
        "@loupeteam/stringext": "*"
      }
    },
    "node_modules/@loupeteam/websocket": {
      "version": "1.0.0",
      "resolved": "https://npm.pkg.github.com/download/@loupeteam/websocket/1.0.0/06ba4434ebefacac870b424359f5e84d9645ac4e",
      "integrity": "sha512-8ryxKYr4di651ekgJq3l25w4T31fkBJ5L4EZGLNV23/5F0ucflSNIYOmfPefFYeUXCyW32kECodBjztUqRzOSQ==",
      "license": "MIT",
      "dependencies": {
        "@loupeteam/stringext": ">=1.0.0",
        "@loupeteam/tcpcomm": ">=1.0.0"
      }
    }
  }
}
